{
  "requires": true,
  "lockfileVersion": 1,
  "dependencies": {
    "@agm/core": {
      "version": "3.0.0-beta.0",
      "resolved": "https://registry.npmjs.org/@agm/core/-/core-3.0.0-beta.0.tgz",
      "integrity": "sha512-KNmKbe89Nen7s7+mX63RgX88jBfajUZCFqkHIQ8Fd+Lf/ko/IY6yw4kPh0iYGxgPVPjpsHJ06GZ5m3ZxpEVX9A==",
      "requires": {
        "tslib": "^2.0.0"
      }
    },
    "material-design-icons": {
      "version": "3.0.1",
      "resolved": "https://registry.npmjs.org/material-design-icons/-/material-design-icons-3.0.1.tgz",
      "integrity": "sha1-mnHEh0chjrylHlGmbaaCA4zct78="
    },
    "tslib": {
      "version": "2.0.1",
      "resolved": "https://registry.npmjs.org/tslib/-/tslib-2.0.1.tgz",
      "integrity": "sha512-SgIkNheinmEBgx1IUNirK0TUD4X9yjjBRTqqjggWCU3pUEqIk3/Uwl3yRixYKT6WjQuGiwDv4NomL3wqRCj+CQ=="
    }
  }
}
